// !$*UTF8*$!
{
	archiveVersion = 1;
	classes = {
	};
	objectVersion = 50;
	objects = {

/* Begin PBXBuildFile section */
		3D33B9BE21C6E6F2009F52D4 /* AdamOptimizer.swift in Sources */ = {isa = PBXBuildFile; fileRef = 3D33B9B621C6E6F2009F52D4 /* AdamOptimizer.swift */; };
		3D33B9BF21C6E6F2009F52D4 /* Optimizer.swift in Sources */ = {isa = PBXBuildFile; fileRef = 3D33B9B721C6E6F2009F52D4 /* Optimizer.swift */; };
		3D33B9C021C6E6F2009F52D4 /* ParameterGroup.swift in Sources */ = {isa = PBXBuildFile; fileRef = 3D33B9B921C6E6F2009F52D4 /* ParameterGroup.swift */; };
		3D33B9C121C6E6F2009F52D4 /* Types.swift in Sources */ = {isa = PBXBuildFile; fileRef = 3D33B9BA21C6E6F2009F52D4 /* Types.swift */; };
		3D33B9C221C6E6F2009F52D4 /* Ops.swift in Sources */ = {isa = PBXBuildFile; fileRef = 3D33B9BC21C6E6F2009F52D4 /* Ops.swift */; };
		3D33B9C321C6E6F2009F52D4 /* MathSymbols.swift in Sources */ = {isa = PBXBuildFile; fileRef = 3D33B9BD21C6E6F2009F52D4 /* MathSymbols.swift */; };
		3D47476B21BD98EB00282426 /* kmnist-test-imgs.npz in CopyFiles */ = {isa = PBXBuildFile; fileRef = 3D47476721BD988100282426 /* kmnist-test-imgs.npz */; };
		3D47476C21BD98EB00282426 /* kmnist-test-labels.npz in CopyFiles */ = {isa = PBXBuildFile; fileRef = 3D47476A21BD988300282426 /* kmnist-test-labels.npz */; };
		3D47476D21BD98EB00282426 /* kmnist-train-imgs.npz in CopyFiles */ = {isa = PBXBuildFile; fileRef = 3D47476921BD988300282426 /* kmnist-train-imgs.npz */; };
		3D47476E21BD98EB00282426 /* kmnist-train-labels.npz in CopyFiles */ = {isa = PBXBuildFile; fileRef = 3D47476821BD988100282426 /* kmnist-train-labels.npz */; };
		3D47477021BDB51C00282426 /* Print.swift in Sources */ = {isa = PBXBuildFile; fileRef = 3D47476F21BDB51C00282426 /* Print.swift */; };
		3D8DD37A21BC433500255FBC /* main.swift in Sources */ = {isa = PBXBuildFile; fileRef = 3D8DD37921BC433500255FBC /* main.swift */; };
		3D8DD38921BC46FC00255FBC /* CNNModel.swift in Sources */ = {isa = PBXBuildFile; fileRef = 3D8DD38821BC46FC00255FBC /* CNNModel.swift */; };
		3D8DD38D21BC49CD00255FBC /* KMNISTDataset.swift in Sources */ = {isa = PBXBuildFile; fileRef = 3D8DD38C21BC49CD00255FBC /* KMNISTDataset.swift */; };
		3DC9555121E9EDA70098F924 /* libtensorflow_framework.so in Frameworks */ = {isa = PBXBuildFile; fileRef = 3DC9554F21E9EDA70098F924 /* libtensorflow_framework.so */; };
		3DC9555221E9EDA70098F924 /* libtensorflow.so in Frameworks */ = {isa = PBXBuildFile; fileRef = 3DC9555021E9EDA70098F924 /* libtensorflow.so */; };
		3DCDA90C21BC9D7E0048EAA3 /* TensorInitializers.swift in Sources */ = {isa = PBXBuildFile; fileRef = 3DCDA90B21BC9D7E0048EAA3 /* TensorInitializers.swift */; };
/* End PBXBuildFile section */

/* Begin PBXCopyFilesBuildPhase section */
		3D8DD37421BC433500255FBC /* CopyFiles */ = {
			isa = PBXCopyFilesBuildPhase;
			buildActionMask = 12;
			dstPath = usr/share/man/man1/kmnist/Data;
			dstSubfolderSpec = 7;
			files = (
				3D47476B21BD98EB00282426 /* kmnist-test-imgs.npz in CopyFiles */,
				3D47476C21BD98EB00282426 /* kmnist-test-labels.npz in CopyFiles */,
				3D47476D21BD98EB00282426 /* kmnist-train-imgs.npz in CopyFiles */,
				3D47476E21BD98EB00282426 /* kmnist-train-labels.npz in CopyFiles */,
			);
			runOnlyForDeploymentPostprocessing = 0;
		};
/* End PBXCopyFilesBuildPhase section */

/* Begin PBXFileReference section */
		3D33B9B621C6E6F2009F52D4 /* AdamOptimizer.swift */ = {isa = PBXFileReference; fileEncoding = 4; lastKnownFileType = sourcecode.swift; path = AdamOptimizer.swift; sourceTree = "<group>"; };
		3D33B9B721C6E6F2009F52D4 /* Optimizer.swift */ = {isa = PBXFileReference; fileEncoding = 4; lastKnownFileType = sourcecode.swift; path = Optimizer.swift; sourceTree = "<group>"; };
		3D33B9B921C6E6F2009F52D4 /* ParameterGroup.swift */ = {isa = PBXFileReference; fileEncoding = 4; lastKnownFileType = sourcecode.swift; path = ParameterGroup.swift; sourceTree = "<group>"; };
		3D33B9BA21C6E6F2009F52D4 /* Types.swift */ = {isa = PBXFileReference; fileEncoding = 4; lastKnownFileType = sourcecode.swift; path = Types.swift; sourceTree = "<group>"; };
		3D33B9BC21C6E6F2009F52D4 /* Ops.swift */ = {isa = PBXFileReference; fileEncoding = 4; lastKnownFileType = sourcecode.swift; path = Ops.swift; sourceTree = "<group>"; };
		3D33B9BD21C6E6F2009F52D4 /* MathSymbols.swift */ = {isa = PBXFileReference; fileEncoding = 4; lastKnownFileType = sourcecode.swift; path = MathSymbols.swift; sourceTree = "<group>"; };
		3D47476721BD988100282426 /* kmnist-test-imgs.npz */ = {isa = PBXFileReference; lastKnownFileType = file; path = "kmnist-test-imgs.npz"; sourceTree = "<group>"; };
		3D47476821BD988100282426 /* kmnist-train-labels.npz */ = {isa = PBXFileReference; lastKnownFileType = file; path = "kmnist-train-labels.npz"; sourceTree = "<group>"; };
		3D47476921BD988300282426 /* kmnist-train-imgs.npz */ = {isa = PBXFileReference; lastKnownFileType = file; path = "kmnist-train-imgs.npz"; sourceTree = "<group>"; };
		3D47476A21BD988300282426 /* kmnist-test-labels.npz */ = {isa = PBXFileReference; lastKnownFileType = file; path = "kmnist-test-labels.npz"; sourceTree = "<group>"; };
		3D47476F21BDB51C00282426 /* Print.swift */ = {isa = PBXFileReference; lastKnownFileType = sourcecode.swift; path = Print.swift; sourceTree = "<group>"; };
		3D8DD37621BC433500255FBC /* kmnist */ = {isa = PBXFileReference; explicitFileType = "compiled.mach-o.executable"; includeInIndex = 0; path = kmnist; sourceTree = BUILT_PRODUCTS_DIR; };
		3D8DD37921BC433500255FBC /* main.swift */ = {isa = PBXFileReference; lastKnownFileType = sourcecode.swift; path = main.swift; sourceTree = "<group>"; };
		3D8DD38821BC46FC00255FBC /* CNNModel.swift */ = {isa = PBXFileReference; lastKnownFileType = sourcecode.swift; path = CNNModel.swift; sourceTree = "<group>"; };
		3D8DD38C21BC49CD00255FBC /* KMNISTDataset.swift */ = {isa = PBXFileReference; lastKnownFileType = sourcecode.swift; path = KMNISTDataset.swift; sourceTree = "<group>"; };
		3DC9554F21E9EDA70098F924 /* libtensorflow_framework.so */ = {isa = PBXFileReference; lastKnownFileType = "compiled.mach-o.dylib"; name = libtensorflow_framework.so; path = "../../../../../Library/Developer/Toolchains/swift-tensorflow-DEVELOPMENT-2019-01-04-a.xctoolchain/usr/lib/swift/macosx/libtensorflow_framework.so"; sourceTree = "<group>"; };
		3DC9555021E9EDA70098F924 /* libtensorflow.so */ = {isa = PBXFileReference; lastKnownFileType = "compiled.mach-o.dylib"; name = libtensorflow.so; path = "../../../../../Library/Developer/Toolchains/swift-tensorflow-DEVELOPMENT-2019-01-04-a.xctoolchain/usr/lib/swift/macosx/libtensorflow.so"; sourceTree = "<group>"; };
		3DCDA90321BC895B0048EAA3 /* libtensorflow_framework.so */ = {isa = PBXFileReference; lastKnownFileType = "compiled.mach-o.dylib"; name = libtensorflow_framework.so; path = "../../../../../Library/Developer/Toolchains/swift-tensorflow-DEVELOPMENT-2018-12-04-a.xctoolchain/usr/lib/swift/macosx/libtensorflow_framework.so"; sourceTree = "<group>"; };
		3DCDA90421BC895B0048EAA3 /* libtensorflow.so */ = {isa = PBXFileReference; lastKnownFileType = "compiled.mach-o.dylib"; name = libtensorflow.so; path = "../../../../../Library/Developer/Toolchains/swift-tensorflow-DEVELOPMENT-2018-12-04-a.xctoolchain/usr/lib/swift/macosx/libtensorflow.so"; sourceTree = "<group>"; };
		3DCDA90B21BC9D7E0048EAA3 /* TensorInitializers.swift */ = {isa = PBXFileReference; fileEncoding = 4; lastKnownFileType = sourcecode.swift; path = TensorInitializers.swift; sourceTree = "<group>"; };
/* End PBXFileReference section */

/* Begin PBXFrameworksBuildPhase section */
		3D8DD37321BC433500255FBC /* Frameworks */ = {
			isa = PBXFrameworksBuildPhase;
			buildActionMask = 2147483647;
			files = (
				3DC9555121E9EDA70098F924 /* libtensorflow_framework.so in Frameworks */,
				3DC9555221E9EDA70098F924 /* libtensorflow.so in Frameworks */,
			);
			runOnlyForDeploymentPostprocessing = 0;
		};
/* End PBXFrameworksBuildPhase section */

/* Begin PBXGroup section */
		3D33B9B521C6E6F2009F52D4 /* Optimizers */ = {
			isa = PBXGroup;
			children = (
				3D33B9B621C6E6F2009F52D4 /* AdamOptimizer.swift */,
				3D33B9B721C6E6F2009F52D4 /* Optimizer.swift */,
			);
			path = Optimizers;
			sourceTree = "<group>";
		};
		3D33B9B821C6E6F2009F52D4 /* Other */ = {
			isa = PBXGroup;
			children = (
				3D33B9B921C6E6F2009F52D4 /* ParameterGroup.swift */,
				3D33B9BA21C6E6F2009F52D4 /* Types.swift */,
			);
			path = Other;
			sourceTree = "<group>";
		};
		3D33B9BB21C6E6F2009F52D4 /* Ops */ = {
			isa = PBXGroup;
			children = (
				3DCDA90B21BC9D7E0048EAA3 /* TensorInitializers.swift */,
				3D33B9BC21C6E6F2009F52D4 /* Ops.swift */,
				3D33B9BD21C6E6F2009F52D4 /* MathSymbols.swift */,
			);
			path = Ops;
			sourceTree = "<group>";
		};
		3D8DD36D21BC433500255FBC = {
			isa = PBXGroup;
			children = (
				3D8DD37821BC433500255FBC /* KMNIST */,
				3D8DD37721BC433500255FBC /* Products */,
				3D8DD38021BC44A300255FBC /* Frameworks */,
			);
			sourceTree = "<group>";
		};
		3D8DD37721BC433500255FBC /* Products */ = {
			isa = PBXGroup;
			children = (
				3D8DD37621BC433500255FBC /* kmnist */,
			);
			name = Products;
			sourceTree = "<group>";
		};
		3D8DD37821BC433500255FBC /* KMNIST */ = {
			isa = PBXGroup;
			children = (
				3D8DD37921BC433500255FBC /* main.swift */,
				3D8DD38821BC46FC00255FBC /* CNNModel.swift */,
				3D33B9BB21C6E6F2009F52D4 /* Ops */,
				3D33B9B521C6E6F2009F52D4 /* Optimizers */,
				3D33B9B821C6E6F2009F52D4 /* Other */,
				3D8DD38B21BC48D200255FBC /* Utilities */,
				3D8DD38721BC46CB00255FBC /* Data */,
			);
			name = KMNIST;
			sourceTree = "<group>";
		};
		3D8DD38021BC44A300255FBC /* Frameworks */ = {
			isa = PBXGroup;
			children = (
				3DC9554F21E9EDA70098F924 /* libtensorflow_framework.so */,
				3DC9555021E9EDA70098F924 /* libtensorflow.so */,
				3DCDA90321BC895B0048EAA3 /* libtensorflow_framework.so */,
				3DCDA90421BC895B0048EAA3 /* libtensorflow.so */,
			);
			name = Frameworks;
			sourceTree = "<group>";
		};
		3D8DD38721BC46CB00255FBC /* Data */ = {
			isa = PBXGroup;
			children = (
				3D47476721BD988100282426 /* kmnist-test-imgs.npz */,
				3D47476A21BD988300282426 /* kmnist-test-labels.npz */,
				3D47476921BD988300282426 /* kmnist-train-imgs.npz */,
				3D47476821BD988100282426 /* kmnist-train-labels.npz */,
			);
			path = Data;
			sourceTree = "<group>";
		};
		3D8DD38B21BC48D200255FBC /* Utilities */ = {
			isa = PBXGroup;
			children = (
				3D47476F21BDB51C00282426 /* Print.swift */,
				3D8DD38C21BC49CD00255FBC /* KMNISTDataset.swift */,
			);
			path = Utilities;
			sourceTree = "<group>";
		};
/* End PBXGroup section */

/* Begin PBXNativeTarget section */
		3D8DD37521BC433500255FBC /* kmnist */ = {
			isa = PBXNativeTarget;
			buildConfigurationList = 3D8DD37D21BC433500255FBC /* Build configuration list for PBXNativeTarget "kmnist" */;
			buildPhases = (
				3D8DD37221BC433500255FBC /* Sources */,
				3D8DD37321BC433500255FBC /* Frameworks */,
				3D8DD37421BC433500255FBC /* CopyFiles */,
			);
			buildRules = (
			);
			dependencies = (
			);
			name = kmnist;
			productName = KMNIST;
			productReference = 3D8DD37621BC433500255FBC /* kmnist */;
			productType = "com.apple.product-type.tool";
		};
/* End PBXNativeTarget section */

/* Begin PBXProject section */
		3D8DD36E21BC433500255FBC /* Project object */ = {
			isa = PBXProject;
			attributes = {
				LastSwiftUpdateCheck = 1010;
				LastUpgradeCheck = 1010;
				ORGANIZATIONNAME = "Jean Flaherty";
				TargetAttributes = {
					3D8DD37521BC433500255FBC = {
						CreatedOnToolsVersion = 10.1;
					};
				};
			};
			buildConfigurationList = 3D8DD37121BC433500255FBC /* Build configuration list for PBXProject "KMNIST" */;
			compatibilityVersion = "Xcode 9.3";
			developmentRegion = en;
			hasScannedForEncodings = 0;
			knownRegions = (
				en,
			);
			mainGroup = 3D8DD36D21BC433500255FBC;
			productRefGroup = 3D8DD37721BC433500255FBC /* Products */;
			projectDirPath = "";
			projectRoot = "";
			targets = (
				3D8DD37521BC433500255FBC /* kmnist */,
			);
		};
/* End PBXProject section */

/* Begin PBXSourcesBuildPhase section */
		3D8DD37221BC433500255FBC /* Sources */ = {
			isa = PBXSourcesBuildPhase;
			buildActionMask = 2147483647;
			files = (
				3D8DD38D21BC49CD00255FBC /* KMNISTDataset.swift in Sources */,
				3D33B9BF21C6E6F2009F52D4 /* Optimizer.swift in Sources */,
				3DCDA90C21BC9D7E0048EAA3 /* TensorInitializers.swift in Sources */,
				3D33B9C121C6E6F2009F52D4 /* Types.swift in Sources */,
				3D47477021BDB51C00282426 /* Print.swift in Sources */,
				3D33B9C221C6E6F2009F52D4 /* Ops.swift in Sources */,
				3D8DD37A21BC433500255FBC /* main.swift in Sources */,
				3D33B9C321C6E6F2009F52D4 /* MathSymbols.swift in Sources */,
				3D33B9C021C6E6F2009F52D4 /* ParameterGroup.swift in Sources */,
				3D33B9BE21C6E6F2009F52D4 /* AdamOptimizer.swift in Sources */,
				3D8DD38921BC46FC00255FBC /* CNNModel.swift in Sources */,
			);
			runOnlyForDeploymentPostprocessing = 0;
		};
/* End PBXSourcesBuildPhase section */

/* Begin XCBuildConfiguration section */
		3D8DD37B21BC433500255FBC /* Debug */ = {
			isa = XCBuildConfiguration;
			buildSettings = {
				ALWAYS_SEARCH_USER_PATHS = NO;
				CLANG_ANALYZER_NONNULL = YES;
				CLANG_ANALYZER_NUMBER_OBJECT_CONVERSION = YES_AGGRESSIVE;
				CLANG_CXX_LANGUAGE_STANDARD = "gnu++14";
				CLANG_CXX_LIBRARY = "libc++";
				CLANG_ENABLE_MODULES = YES;
				CLANG_ENABLE_OBJC_ARC = YES;
				CLANG_ENABLE_OBJC_WEAK = YES;
				CLANG_WARN_BLOCK_CAPTURE_AUTORELEASING = YES;
				CLANG_WARN_BOOL_CONVERSION = YES;
				CLANG_WARN_COMMA = YES;
				CLANG_WARN_CONSTANT_CONVERSION = YES;
				CLANG_WARN_DEPRECATED_OBJC_IMPLEMENTATIONS = YES;
				CLANG_WARN_DIRECT_OBJC_ISA_USAGE = YES_ERROR;
				CLANG_WARN_DOCUMENTATION_COMMENTS = YES;
				CLANG_WARN_EMPTY_BODY = YES;
				CLANG_WARN_ENUM_CONVERSION = YES;
				CLANG_WARN_INFINITE_RECURSION = YES;
				CLANG_WARN_INT_CONVERSION = YES;
				CLANG_WARN_NON_LITERAL_NULL_CONVERSION = YES;
				CLANG_WARN_OBJC_IMPLICIT_RETAIN_SELF = YES;
				CLANG_WARN_OBJC_LITERAL_CONVERSION = YES;
				CLANG_WARN_OBJC_ROOT_CLASS = YES_ERROR;
				CLANG_WARN_RANGE_LOOP_ANALYSIS = YES;
				CLANG_WARN_STRICT_PROTOTYPES = YES;
				CLANG_WARN_SUSPICIOUS_MOVE = YES;
				CLANG_WARN_UNGUARDED_AVAILABILITY = YES_AGGRESSIVE;
				CLANG_WARN_UNREACHABLE_CODE = YES;
				CLANG_WARN__DUPLICATE_METHOD_MATCH = YES;
				CODE_SIGN_IDENTITY = "Mac Developer";
				COPY_PHASE_STRIP = NO;
				DEBUG_INFORMATION_FORMAT = dwarf;
				ENABLE_STRICT_OBJC_MSGSEND = YES;
				ENABLE_TESTABILITY = YES;
				FRAMEWORK_SEARCH_PATHS = "/Library/Developer/Toolchains/swift-latest/usr/lib/swift/macosx";
				GCC_C_LANGUAGE_STANDARD = gnu11;
				GCC_DYNAMIC_NO_PIC = NO;
				GCC_NO_COMMON_BLOCKS = YES;
				GCC_OPTIMIZATION_LEVEL = 0;
				GCC_PREPROCESSOR_DEFINITIONS = (
					"DEBUG=1",
					"$(inherited)",
				);
				GCC_WARN_64_TO_32_BIT_CONVERSION = YES;
				GCC_WARN_ABOUT_RETURN_TYPE = YES_ERROR;
				GCC_WARN_UNDECLARED_SELECTOR = YES;
				GCC_WARN_UNINITIALIZED_AUTOS = YES_AGGRESSIVE;
				GCC_WARN_UNUSED_FUNCTION = YES;
				GCC_WARN_UNUSED_VARIABLE = YES;
				MACOSX_DEPLOYMENT_TARGET = 10.14;
				MTL_ENABLE_DEBUG_INFO = INCLUDE_SOURCE;
				MTL_FAST_MATH = YES;
				ONLY_ACTIVE_ARCH = YES;
				SDKROOT = macosx;
				SWIFT_ACTIVE_COMPILATION_CONDITIONS = DEBUG;
				SWIFT_OPTIMIZATION_LEVEL = "-Onone";
			};
			name = Debug;
		};
		3D8DD37C21BC433500255FBC /* Release */ = {
			isa = XCBuildConfiguration;
			buildSettings = {
				ALWAYS_SEARCH_USER_PATHS = NO;
				CLANG_ANALYZER_NONNULL = YES;
				CLANG_ANALYZER_NUMBER_OBJECT_CONVERSION = YES_AGGRESSIVE;
				CLANG_CXX_LANGUAGE_STANDARD = "gnu++14";
				CLANG_CXX_LIBRARY = "libc++";
				CLANG_ENABLE_MODULES = YES;
				CLANG_ENABLE_OBJC_ARC = YES;
				CLANG_ENABLE_OBJC_WEAK = YES;
				CLANG_WARN_BLOCK_CAPTURE_AUTORELEASING = YES;
				CLANG_WARN_BOOL_CONVERSION = YES;
				CLANG_WARN_COMMA = YES;
				CLANG_WARN_CONSTANT_CONVERSION = YES;
				CLANG_WARN_DEPRECATED_OBJC_IMPLEMENTATIONS = YES;
				CLANG_WARN_DIRECT_OBJC_ISA_USAGE = YES_ERROR;
				CLANG_WARN_DOCUMENTATION_COMMENTS = YES;
				CLANG_WARN_EMPTY_BODY = YES;
				CLANG_WARN_ENUM_CONVERSION = YES;
				CLANG_WARN_INFINITE_RECURSION = YES;
				CLANG_WARN_INT_CONVERSION = YES;
				CLANG_WARN_NON_LITERAL_NULL_CONVERSION = YES;
				CLANG_WARN_OBJC_IMPLICIT_RETAIN_SELF = YES;
				CLANG_WARN_OBJC_LITERAL_CONVERSION = YES;
				CLANG_WARN_OBJC_ROOT_CLASS = YES_ERROR;
				CLANG_WARN_RANGE_LOOP_ANALYSIS = YES;
				CLANG_WARN_STRICT_PROTOTYPES = YES;
				CLANG_WARN_SUSPICIOUS_MOVE = YES;
				CLANG_WARN_UNGUARDED_AVAILABILITY = YES_AGGRESSIVE;
				CLANG_WARN_UNREACHABLE_CODE = YES;
				CLANG_WARN__DUPLICATE_METHOD_MATCH = YES;
				CODE_SIGN_IDENTITY = "Mac Developer";
				COPY_PHASE_STRIP = NO;
				DEBUG_INFORMATION_FORMAT = "dwarf-with-dsym";
				ENABLE_NS_ASSERTIONS = NO;
				ENABLE_STRICT_OBJC_MSGSEND = YES;
				FRAMEWORK_SEARCH_PATHS = "/Library/Developer/Toolchains/swift-latest/usr/lib/swift/macosx";
				GCC_C_LANGUAGE_STANDARD = gnu11;
				GCC_NO_COMMON_BLOCKS = YES;
				GCC_WARN_64_TO_32_BIT_CONVERSION = YES;
				GCC_WARN_ABOUT_RETURN_TYPE = YES_ERROR;
				GCC_WARN_UNDECLARED_SELECTOR = YES;
				GCC_WARN_UNINITIALIZED_AUTOS = YES_AGGRESSIVE;
				GCC_WARN_UNUSED_FUNCTION = YES;
				GCC_WARN_UNUSED_VARIABLE = YES;
				MACOSX_DEPLOYMENT_TARGET = 10.14;
				MTL_ENABLE_DEBUG_INFO = NO;
				MTL_FAST_MATH = YES;
				SDKROOT = macosx;
				SWIFT_COMPILATION_MODE = wholemodule;
				SWIFT_OPTIMIZATION_LEVEL = "-O";
			};
			name = Release;
		};
		3D8DD37E21BC433500255FBC /* Debug */ = {
			isa = XCBuildConfiguration;
			buildSettings = {
				CODE_SIGN_STYLE = Automatic;
				DEVELOPMENT_TEAM = Q74A2VY23K;
				FRAMEWORK_SEARCH_PATHS = "";
				INFOPLIST_FILE = "$(SRCROOT)/Info.plist";
				LD_RUNPATH_SEARCH_PATHS = "/Library/Developer/Toolchains/swift-latest/usr/lib/swift/macosx";
				OTHER_LDFLAGS = "-lpython";
				PRODUCT_NAME = "$(TARGET_NAME)";
				SWIFT_OPTIMIZATION_LEVEL = "-O";
				SWIFT_VERSION = 4.2;
			};
			name = Debug;
		};
		3D8DD37F21BC433500255FBC /* Release */ = {
			isa = XCBuildConfiguration;
			buildSettings = {
				CODE_SIGN_STYLE = Automatic;
				DEVELOPMENT_TEAM = Q74A2VY23K;
				FRAMEWORK_SEARCH_PATHS = "";
				INFOPLIST_FILE = "$(SRCROOT)/Info.plist";
				LD_RUNPATH_SEARCH_PATHS = "/Library/Developer/Toolchains/swift-latest/usr/lib/swift/macosx";
				OTHER_LDFLAGS = "-lpython";
				PRODUCT_NAME = "$(TARGET_NAME)";
				SWIFT_VERSION = 4.2;
			};
			name = Release;
		};
/* End XCBuildConfiguration section */

/* Begin XCConfigurationList section */
		3D8DD37121BC433500255FBC /* Build configuration list for PBXProject "KMNIST" */ = {
			isa = XCConfigurationList;
			buildConfigurations = (
				3D8DD37B21BC433500255FBC /* Debug */,
				3D8DD37C21BC433500255FBC /* Release */,
			);
			defaultConfigurationIsVisible = 0;
			defaultConfigurationName = Release;
		};
		3D8DD37D21BC433500255FBC /* Build configuration list for PBXNativeTarget "kmnist" */ = {
			isa = XCConfigurationList;
			buildConfigurations = (
				3D8DD37E21BC433500255FBC /* Debug */,
				3D8DD37F21BC433500255FBC /* Release */,
			);
			defaultConfigurationIsVisible = 0;
			defaultConfigurationName = Release;
		};
/* End XCConfigurationList section */
	};
	rootObject = 3D8DD36E21BC433500255FBC /* Project object */;
}
